
Microsoft Visual Studio Solution File, Format Version 12.00
# Visual Studio Version 17
VisualStudioVersion = 17.10.34928.147
MinimumVisualStudioVersion = 10.0.40219.1
Project("{FAE04EC0-301F-11D3-BF4B-00C04F79EFBC}") = "ShopAppClient", "ShopAppClient\ShopAppClient.csproj", "{7CF5D95D-56B5-49FC-A92B-7E64E56ADCDD}"
EndProject
Global
	GlobalSection(SolutionConfigurationPlatforms) = preSolution
		Debug|Any CPU = Debug|Any CPU
		Release|Any CPU = Release|Any CPU
	EndGlobalSection
	GlobalSection(ProjectConfigurationPlatforms) = postSolution
		{7CF5D95D-56B5-49FC-A92B-7E64E56ADCDD}.Debug|Any CPU.ActiveCfg = Debug|Any CPU
		{7CF5D95D-56B5-49FC-A92B-7E64E56ADCDD}.Debug|Any CPU.Build.0 = Debug|Any CPU
		{7CF5D95D-56B5-49FC-A92B-7E64E56ADCDD}.Release|Any CPU.ActiveCfg = Release|Any CPU
		{7CF5D95D-56B5-49FC-A92B-7E64E56ADCDD}.Release|Any CPU.Build.0 = Release|Any CPU
	EndGlobalSection
	GlobalSection(SolutionProperties) = preSolution
		HideSolutionNode = FALSE
	EndGlobalSection
	GlobalSection(ExtensibilityGlobals) = postSolution
		SolutionGuid = {9A2641C1-1B13-4BF4-BE65-038608D89C3A}
	EndGlobalSection
EndGlobal
